// !$*UTF8*$!
{
	archiveVersion = 1;
	classes = {
	};
	objectVersion = 56;
	objects = {

/* Begin PBXBuildFile section */
		0486396F29AD061B006BF93B /* FavoriteDataManager.swift in Sources */ = {isa = PBXBuildFile; fileRef = 0486396E29AD061B006BF93B /* FavoriteDataManager.swift */; };
		0486397129AD0653006BF93B /* BaseTableViewCell.swift in Sources */ = {isa = PBXBuildFile; fileRef = 0486397029AD0653006BF93B /* BaseTableViewCell.swift */; };
		0486397329AD075E006BF93B /* InfoViewController.swift in Sources */ = {isa = PBXBuildFile; fileRef = 0486397229AD075E006BF93B /* InfoViewController.swift */; };
		0486397529AD077D006BF93B /* InfoViewModel.swift in Sources */ = {isa = PBXBuildFile; fileRef = 0486397429AD077D006BF93B /* InfoViewModel.swift */; };
		0486397729AD079D006BF93B /* InfoModel.swift in Sources */ = {isa = PBXBuildFile; fileRef = 0486397629AD079D006BF93B /* InfoModel.swift */; };
		0486397929AD07F8006BF93B /* FavoriteViewController.swift in Sources */ = {isa = PBXBuildFile; fileRef = 0486397829AD07F8006BF93B /* FavoriteViewController.swift */; };
		0486397B29AD081D006BF93B /* FavoriteViewModel.swift in Sources */ = {isa = PBXBuildFile; fileRef = 0486397A29AD081C006BF93B /* FavoriteViewModel.swift */; };
		0486397D29AD0848006BF93B /* FavoritesTableViewCell.swift in Sources */ = {isa = PBXBuildFile; fileRef = 0486397C29AD0848006BF93B /* FavoritesTableViewCell.swift */; };
		04B336622994ABE600B805DC /* AppDelegate.swift in Sources */ = {isa = PBXBuildFile; fileRef = 04B336612994ABE600B805DC /* AppDelegate.swift */; };
		04B336642994ABE600B805DC /* SceneDelegate.swift in Sources */ = {isa = PBXBuildFile; fileRef = 04B336632994ABE600B805DC /* SceneDelegate.swift */; };
		04B336662994ABE600B805DC /* ViewController.swift in Sources */ = {isa = PBXBuildFile; fileRef = 04B336652994ABE600B805DC /* ViewController.swift */; };
		04B336692994ABE600B805DC /* Main.storyboard in Resources */ = {isa = PBXBuildFile; fileRef = 04B336672994ABE600B805DC /* Main.storyboard */; };
		04B3366C2994ABE600B805DC /* JewleryOnlineShop_MVVM.xcdatamodeld in Sources */ = {isa = PBXBuildFile; fileRef = 04B3366A2994ABE600B805DC /* JewleryOnlineShop_MVVM.xcdatamodeld */; };
		04B3366E2994ABE700B805DC /* Assets.xcassets in Resources */ = {isa = PBXBuildFile; fileRef = 04B3366D2994ABE700B805DC /* Assets.xcassets */; };
		04B336712994ABE700B805DC /* LaunchScreen.storyboard in Resources */ = {isa = PBXBuildFile; fileRef = 04B3366F2994ABE700B805DC /* LaunchScreen.storyboard */; };
		04B3367F2994B66800B805DC /* CategoriesModel.swift in Sources */ = {isa = PBXBuildFile; fileRef = 04B3367E2994B66800B805DC /* CategoriesModel.swift */; };
		04B336812994B68500B805DC /* CategoriesRepository.swift in Sources */ = {isa = PBXBuildFile; fileRef = 04B336802994B68500B805DC /* CategoriesRepository.swift */; };
		04B336832994B6A200B805DC /* AppURL.swift in Sources */ = {isa = PBXBuildFile; fileRef = 04B336822994B6A200B805DC /* AppURL.swift */; };
		04B336862994B6C100B805DC /* String.swift in Sources */ = {isa = PBXBuildFile; fileRef = 04B336852994B6C100B805DC /* String.swift */; };
		04B336882994B73400B805DC /* BaseCollectionViewCell.swift in Sources */ = {isa = PBXBuildFile; fileRef = 04B336872994B73400B805DC /* BaseCollectionViewCell.swift */; };
		04B3368A2994B74B00B805DC /* BaseViewController.swift in Sources */ = {isa = PBXBuildFile; fileRef = 04B336892994B74B00B805DC /* BaseViewController.swift */; };
		04B3368E2994B7FE00B805DC /* ViewModel.swift in Sources */ = {isa = PBXBuildFile; fileRef = 04B3368D2994B7FE00B805DC /* ViewModel.swift */; };
		04B336912994B86F00B805DC /* MainTabBarController.swift in Sources */ = {isa = PBXBuildFile; fileRef = 04B336902994B86F00B805DC /* MainTabBarController.swift */; };
		04B336982994BA0000B805DC /* SettingsViewController.swift in Sources */ = {isa = PBXBuildFile; fileRef = 04B336972994BA0000B805DC /* SettingsViewController.swift */; };
		04B3369D2994BA9200B805DC /* HomeViewController.swift in Sources */ = {isa = PBXBuildFile; fileRef = 04B3369C2994BA9200B805DC /* HomeViewController.swift */; };
		04B3369F2994BACE00B805DC /* VerticalCollectionViewCell.swift in Sources */ = {isa = PBXBuildFile; fileRef = 04B3369E2994BACE00B805DC /* VerticalCollectionViewCell.swift */; };
		04B336A12994BB7700B805DC /* Header.swift in Sources */ = {isa = PBXBuildFile; fileRef = 04B336A02994BB7700B805DC /* Header.swift */; };
		04B336A32994BBB300B805DC /* HorizontalCollectionView.swift in Sources */ = {isa = PBXBuildFile; fileRef = 04B336A22994BBB300B805DC /* HorizontalCollectionView.swift */; };
		A35C07BDD78953529BE01195 /* Pods_JewleryOnlineShop_MVVM.framework in Frameworks */ = {isa = PBXBuildFile; fileRef = FEFEDF18D27F9B8CFBD6EB62 /* Pods_JewleryOnlineShop_MVVM.framework */; };
/* End PBXBuildFile section */

/* Begin PBXFileReference section */
		0486396E29AD061B006BF93B /* FavoriteDataManager.swift */ = {isa = PBXFileReference; lastKnownFileType = sourcecode.swift; path = FavoriteDataManager.swift; sourceTree = "<group>"; };
		0486397029AD0653006BF93B /* BaseTableViewCell.swift */ = {isa = PBXFileReference; lastKnownFileType = sourcecode.swift; path = BaseTableViewCell.swift; sourceTree = "<group>"; };
		0486397229AD075E006BF93B /* InfoViewController.swift */ = {isa = PBXFileReference; lastKnownFileType = sourcecode.swift; path = InfoViewController.swift; sourceTree = "<group>"; };
		0486397429AD077D006BF93B /* InfoViewModel.swift */ = {isa = PBXFileReference; lastKnownFileType = sourcecode.swift; path = InfoViewModel.swift; sourceTree = "<group>"; };
		0486397629AD079D006BF93B /* InfoModel.swift */ = {isa = PBXFileReference; lastKnownFileType = sourcecode.swift; path = InfoModel.swift; sourceTree = "<group>"; };
		0486397829AD07F8006BF93B /* FavoriteViewController.swift */ = {isa = PBXFileReference; lastKnownFileType = sourcecode.swift; path = FavoriteViewController.swift; sourceTree = "<group>"; };
		0486397A29AD081C006BF93B /* FavoriteViewModel.swift */ = {isa = PBXFileReference; lastKnownFileType = sourcecode.swift; path = FavoriteViewModel.swift; sourceTree = "<group>"; };
		0486397C29AD0848006BF93B /* FavoritesTableViewCell.swift */ = {isa = PBXFileReference; lastKnownFileType = sourcecode.swift; path = FavoritesTableViewCell.swift; sourceTree = "<group>"; };
		04B3365E2994ABE600B805DC /* JewleryOnlineShop_MVVM.app */ = {isa = PBXFileReference; explicitFileType = wrapper.application; includeInIndex = 0; path = JewleryOnlineShop_MVVM.app; sourceTree = BUILT_PRODUCTS_DIR; };
		04B336612994ABE600B805DC /* AppDelegate.swift */ = {isa = PBXFileReference; lastKnownFileType = sourcecode.swift; path = AppDelegate.swift; sourceTree = "<group>"; };
		04B336632994ABE600B805DC /* SceneDelegate.swift */ = {isa = PBXFileReference; lastKnownFileType = sourcecode.swift; path = SceneDelegate.swift; sourceTree = "<group>"; };
		04B336652994ABE600B805DC /* ViewController.swift */ = {isa = PBXFileReference; lastKnownFileType = sourcecode.swift; path = ViewController.swift; sourceTree = "<group>"; };
		04B336682994ABE600B805DC /* Base */ = {isa = PBXFileReference; lastKnownFileType = file.storyboard; name = Base; path = Base.lproj/Main.storyboard; sourceTree = "<group>"; };
		04B3366B2994ABE600B805DC /* JewleryOnlineShop_MVVM.xcdatamodel */ = {isa = PBXFileReference; lastKnownFileType = wrapper.xcdatamodel; path = JewleryOnlineShop_MVVM.xcdatamodel; sourceTree = "<group>"; };
		04B3366D2994ABE700B805DC /* Assets.xcassets */ = {isa = PBXFileReference; lastKnownFileType = folder.assetcatalog; path = Assets.xcassets; sourceTree = "<group>"; };
		04B336702994ABE700B805DC /* Base */ = {isa = PBXFileReference; lastKnownFileType = file.storyboard; name = Base; path = Base.lproj/LaunchScreen.storyboard; sourceTree = "<group>"; };
		04B336722994ABE700B805DC /* Info.plist */ = {isa = PBXFileReference; lastKnownFileType = text.plist.xml; path = Info.plist; sourceTree = "<group>"; };
		04B3367E2994B66800B805DC /* CategoriesModel.swift */ = {isa = PBXFileReference; lastKnownFileType = sourcecode.swift; path = CategoriesModel.swift; sourceTree = "<group>"; };
		04B336802994B68500B805DC /* CategoriesRepository.swift */ = {isa = PBXFileReference; lastKnownFileType = sourcecode.swift; path = CategoriesRepository.swift; sourceTree = "<group>"; };
		04B336822994B6A200B805DC /* AppURL.swift */ = {isa = PBXFileReference; lastKnownFileType = sourcecode.swift; path = AppURL.swift; sourceTree = "<group>"; };
		04B336852994B6C100B805DC /* String.swift */ = {isa = PBXFileReference; lastKnownFileType = sourcecode.swift; path = String.swift; sourceTree = "<group>"; };
		04B336872994B73400B805DC /* BaseCollectionViewCell.swift */ = {isa = PBXFileReference; lastKnownFileType = sourcecode.swift; path = BaseCollectionViewCell.swift; sourceTree = "<group>"; };
		04B336892994B74B00B805DC /* BaseViewController.swift */ = {isa = PBXFileReference; lastKnownFileType = sourcecode.swift; path = BaseViewController.swift; sourceTree = "<group>"; };
		04B3368D2994B7FE00B805DC /* ViewModel.swift */ = {isa = PBXFileReference; lastKnownFileType = sourcecode.swift; path = ViewModel.swift; sourceTree = "<group>"; };
		04B336902994B86F00B805DC /* MainTabBarController.swift */ = {isa = PBXFileReference; lastKnownFileType = sourcecode.swift; path = MainTabBarController.swift; sourceTree = "<group>"; };
		04B336972994BA0000B805DC /* SettingsViewController.swift */ = {isa = PBXFileReference; lastKnownFileType = sourcecode.swift; path = SettingsViewController.swift; sourceTree = "<group>"; };
		04B3369C2994BA9200B805DC /* HomeViewController.swift */ = {isa = PBXFileReference; lastKnownFileType = sourcecode.swift; path = HomeViewController.swift; sourceTree = "<group>"; };
		04B3369E2994BACE00B805DC /* VerticalCollectionViewCell.swift */ = {isa = PBXFileReference; lastKnownFileType = sourcecode.swift; path = VerticalCollectionViewCell.swift; sourceTree = "<group>"; };
		04B336A02994BB7700B805DC /* Header.swift */ = {isa = PBXFileReference; lastKnownFileType = sourcecode.swift; path = Header.swift; sourceTree = "<group>"; };
		04B336A22994BBB300B805DC /* HorizontalCollectionView.swift */ = {isa = PBXFileReference; lastKnownFileType = sourcecode.swift; path = HorizontalCollectionView.swift; sourceTree = "<group>"; };
		BC35CD712F917FC268F0A29E /* Pods-JewleryOnlineShop_MVVM.release.xcconfig */ = {isa = PBXFileReference; includeInIndex = 1; lastKnownFileType = text.xcconfig; name = "Pods-JewleryOnlineShop_MVVM.release.xcconfig"; path = "Target Support Files/Pods-JewleryOnlineShop_MVVM/Pods-JewleryOnlineShop_MVVM.release.xcconfig"; sourceTree = "<group>"; };
		F6C24984BF3985A45712A8F3 /* Pods-JewleryOnlineShop_MVVM.debug.xcconfig */ = {isa = PBXFileReference; includeInIndex = 1; lastKnownFileType = text.xcconfig; name = "Pods-JewleryOnlineShop_MVVM.debug.xcconfig"; path = "Target Support Files/Pods-JewleryOnlineShop_MVVM/Pods-JewleryOnlineShop_MVVM.debug.xcconfig"; sourceTree = "<group>"; };
		FEFEDF18D27F9B8CFBD6EB62 /* Pods_JewleryOnlineShop_MVVM.framework */ = {isa = PBXFileReference; explicitFileType = wrapper.framework; includeInIndex = 0; path = Pods_JewleryOnlineShop_MVVM.framework; sourceTree = BUILT_PRODUCTS_DIR; };
/* End PBXFileReference section */

/* Begin PBXFrameworksBuildPhase section */
		04B3365B2994ABE600B805DC /* Frameworks */ = {
			isa = PBXFrameworksBuildPhase;
			buildActionMask = 2147483647;
			files = (
				A35C07BDD78953529BE01195 /* Pods_JewleryOnlineShop_MVVM.framework in Frameworks */,
			);
			runOnlyForDeploymentPostprocessing = 0;
		};
/* End PBXFrameworksBuildPhase section */

/* Begin PBXGroup section */
		0486396D29AD05E3006BF93B /* DataManager */ = {
			isa = PBXGroup;
			children = (
				0486396E29AD061B006BF93B /* FavoriteDataManager.swift */,
			);
			path = DataManager;
			sourceTree = "<group>";
		};
		04B336552994ABE600B805DC = {
			isa = PBXGroup;
			children = (
				04B336602994ABE600B805DC /* JewleryOnlineShop_MVVM */,
				04B3365F2994ABE600B805DC /* Products */,
				EADCECB010255D8476B56C5D /* Pods */,
				1900270B385C001E27A47156 /* Frameworks */,
			);
			sourceTree = "<group>";
		};
		04B3365F2994ABE600B805DC /* Products */ = {
			isa = PBXGroup;
			children = (
				04B3365E2994ABE600B805DC /* JewleryOnlineShop_MVVM.app */,
			);
			name = Products;
			sourceTree = "<group>";
		};
		04B336602994ABE600B805DC /* JewleryOnlineShop_MVVM */ = {
			isa = PBXGroup;
			children = (
				04B3367D2994B54500B805DC /* AppDelegate */,
				04B3367C2994B53600B805DC /* Model */,
				04B3367B2994B52500B805DC /* Repository */,
				0486396D29AD05E3006BF93B /* DataManager */,
				04B3367A2994B51600B805DC /* Base */,
				04B336792994B50300B805DC /* View */,
				04B336782994B4F800B805DC /* Category */,
				04B3366D2994ABE700B805DC /* Assets.xcassets */,
				04B336722994ABE700B805DC /* Info.plist */,
				04B3366A2994ABE600B805DC /* JewleryOnlineShop_MVVM.xcdatamodeld */,
			);
			path = JewleryOnlineShop_MVVM;
			sourceTree = "<group>";
		};
		04B336782994B4F800B805DC /* Category */ = {
			isa = PBXGroup;
			children = (
				04B3368B2994B7C100B805DC /* ViewModel */,
				04B3368C2994B7CE00B805DC /* ViewController */,
			);
			path = Category;
			sourceTree = "<group>";
		};
		04B336792994B50300B805DC /* View */ = {
			isa = PBXGroup;
			children = (
				04B336672994ABE600B805DC /* Main.storyboard */,
				04B3366F2994ABE700B805DC /* LaunchScreen.storyboard */,
			);
			path = View;
			sourceTree = "<group>";
		};
		04B3367A2994B51600B805DC /* Base */ = {
			isa = PBXGroup;
			children = (
				04B336872994B73400B805DC /* BaseCollectionViewCell.swift */,
				04B336892994B74B00B805DC /* BaseViewController.swift */,
				0486397029AD0653006BF93B /* BaseTableViewCell.swift */,
			);
			path = Base;
			sourceTree = "<group>";
		};
		04B3367B2994B52500B805DC /* Repository */ = {
			isa = PBXGroup;
			children = (
				04B336842994B6B500B805DC /* Class */,
				04B336802994B68500B805DC /* CategoriesRepository.swift */,
				04B336822994B6A200B805DC /* AppURL.swift */,
			);
			path = Repository;
			sourceTree = "<group>";
		};
		04B3367C2994B53600B805DC /* Model */ = {
			isa = PBXGroup;
			children = (
				04B3367E2994B66800B805DC /* CategoriesModel.swift */,
			);
			path = Model;
			sourceTree = "<group>";
		};
		04B3367D2994B54500B805DC /* AppDelegate */ = {
			isa = PBXGroup;
			children = (
				04B336632994ABE600B805DC /* SceneDelegate.swift */,
				04B336612994ABE600B805DC /* AppDelegate.swift */,
			);
			path = AppDelegate;
			sourceTree = "<group>";
		};
		04B336842994B6B500B805DC /* Class */ = {
			isa = PBXGroup;
			children = (
				04B336852994B6C100B805DC /* String.swift */,
			);
			path = Class;
			sourceTree = "<group>";
		};
		04B3368B2994B7C100B805DC /* ViewModel */ = {
			isa = PBXGroup;
			children = (
				04B3368D2994B7FE00B805DC /* ViewModel.swift */,
			);
			path = ViewModel;
			sourceTree = "<group>";
		};
		04B3368C2994B7CE00B805DC /* ViewController */ = {
			isa = PBXGroup;
			children = (
				04B336652994ABE600B805DC /* ViewController.swift */,
				04B3368F2994B84500B805DC /* TabBar */,
			);
			path = ViewController;
			sourceTree = "<group>";
		};
		04B3368F2994B84500B805DC /* TabBar */ = {
			isa = PBXGroup;
			children = (
				04B336902994B86F00B805DC /* MainTabBarController.swift */,
				04B336922994B8E700B805DC /* HomeView */,
				04B336932994B91800B805DC /* FavoriteViewController */,
				04B336942994B92900B805DC /* SettingsView */,
			);
			path = TabBar;
			sourceTree = "<group>";
		};
		04B336922994B8E700B805DC /* HomeView */ = {
			isa = PBXGroup;
			children = (
				04B3369B2994BA6A00B805DC /* HomeViewController */,
				04B336A42994C0CE00B805DC /* InfoViewController */,
			);
			path = HomeView;
			sourceTree = "<group>";
		};
		04B336932994B91800B805DC /* FavoriteViewController */ = {
			isa = PBXGroup;
			children = (
				0486397829AD07F8006BF93B /* FavoriteViewController.swift */,
				0486397A29AD081C006BF93B /* FavoriteViewModel.swift */,
				0486397C29AD0848006BF93B /* FavoritesTableViewCell.swift */,
			);
			path = FavoriteViewController;
			sourceTree = "<group>";
		};
		04B336942994B92900B805DC /* SettingsView */ = {
			isa = PBXGroup;
			children = (
				04B336972994BA0000B805DC /* SettingsViewController.swift */,
			);
			path = SettingsView;
			sourceTree = "<group>";
		};
		04B336992994BA1800B805DC /* Header */ = {
			isa = PBXGroup;
			children = (
				04B336A02994BB7700B805DC /* Header.swift */,
				04B336A22994BBB300B805DC /* HorizontalCollectionView.swift */,
			);
			path = Header;
			sourceTree = "<group>";
		};
		04B3369A2994BA6300B805DC /* Cell */ = {
			isa = PBXGroup;
			children = (
				04B3369E2994BACE00B805DC /* VerticalCollectionViewCell.swift */,
			);
			path = Cell;
			sourceTree = "<group>";
		};
		04B3369B2994BA6A00B805DC /* HomeViewController */ = {
			isa = PBXGroup;
			children = (
				04B3369C2994BA9200B805DC /* HomeViewController.swift */,
				04B3369A2994BA6300B805DC /* Cell */,
				04B336992994BA1800B805DC /* Header */,
			);
			path = HomeViewController;
			sourceTree = "<group>";
		};
		04B336A42994C0CE00B805DC /* InfoViewController */ = {
			isa = PBXGroup;
			children = (
				0486397229AD075E006BF93B /* InfoViewController.swift */,
				0486397429AD077D006BF93B /* InfoViewModel.swift */,
				0486397629AD079D006BF93B /* InfoModel.swift */,
			);
			path = InfoViewController;
			sourceTree = "<group>";
		};
		1900270B385C001E27A47156 /* Frameworks */ = {
			isa = PBXGroup;
			children = (
				FEFEDF18D27F9B8CFBD6EB62 /* Pods_JewleryOnlineShop_MVVM.framework */,
			);
			name = Frameworks;
			sourceTree = "<group>";
		};
		EADCECB010255D8476B56C5D /* Pods */ = {
			isa = PBXGroup;
			children = (
				F6C24984BF3985A45712A8F3 /* Pods-JewleryOnlineShop_MVVM.debug.xcconfig */,
				BC35CD712F917FC268F0A29E /* Pods-JewleryOnlineShop_MVVM.release.xcconfig */,
			);
			path = Pods;
			sourceTree = "<group>";
		};
/* End PBXGroup section */

/* Begin PBXNativeTarget section */
		04B3365D2994ABE600B805DC /* JewleryOnlineShop_MVVM */ = {
			isa = PBXNativeTarget;
			buildConfigurationList = 04B336752994ABE700B805DC /* Build configuration list for PBXNativeTarget "JewleryOnlineShop_MVVM" */;
			buildPhases = (
				F5BBF85CBA44A12F20CF9F82 /* [CP] Check Pods Manifest.lock */,
				04B3365A2994ABE600B805DC /* Sources */,
				04B3365B2994ABE600B805DC /* Frameworks */,
				04B3365C2994ABE600B805DC /* Resources */,
				CEC63AC1153D5C77F4E79011 /* [CP] Embed Pods Frameworks */,
			);
			buildRules = (
			);
			dependencies = (
			);
			name = JewleryOnlineShop_MVVM;
			productName = JewleryOnlineShop_MVVM;
			productReference = 04B3365E2994ABE600B805DC /* JewleryOnlineShop_MVVM.app */;
			productType = "com.apple.product-type.application";
		};
/* End PBXNativeTarget section */

/* Begin PBXProject section */
		04B336562994ABE600B805DC /* Project object */ = {
			isa = PBXProject;
			attributes = {
				BuildIndependentTargetsInParallel = 1;
				LastSwiftUpdateCheck = 1420;
				LastUpgradeCheck = 1420;
				TargetAttributes = {
					04B3365D2994ABE600B805DC = {
						CreatedOnToolsVersion = 14.2;
					};
				};
			};
			buildConfigurationList = 04B336592994ABE600B805DC /* Build configuration list for PBXProject "JewleryOnlineShop_MVVM" */;
			compatibilityVersion = "Xcode 14.0";
			developmentRegion = en;
			hasScannedForEncodings = 0;
			knownRegions = (
				en,
				Base,
			);
			mainGroup = 04B336552994ABE600B805DC;
			productRefGroup = 04B3365F2994ABE600B805DC /* Products */;
			projectDirPath = "";
			projectRoot = "";
			targets = (
				04B3365D2994ABE600B805DC /* JewleryOnlineShop_MVVM */,
			);
		};
/* End PBXProject section */

/* Begin PBXResourcesBuildPhase section */
		04B3365C2994ABE600B805DC /* Resources */ = {
			isa = PBXResourcesBuildPhase;
			buildActionMask = 2147483647;
			files = (
				04B336712994ABE700B805DC /* LaunchScreen.storyboard in Resources */,
				04B3366E2994ABE700B805DC /* Assets.xcassets in Resources */,
				04B336692994ABE600B805DC /* Main.storyboard in Resources */,
			);
			runOnlyForDeploymentPostprocessing = 0;
		};
/* End PBXResourcesBuildPhase section */

/* Begin PBXShellScriptBuildPhase section */
		CEC63AC1153D5C77F4E79011 /* [CP] Embed Pods Frameworks */ = {
			isa = PBXShellScriptBuildPhase;
			buildActionMask = 2147483647;
			files = (
			);
			inputFileListPaths = (
				"${PODS_ROOT}/Target Support Files/Pods-JewleryOnlineShop_MVVM/Pods-JewleryOnlineShop_MVVM-frameworks-${CONFIGURATION}-input-files.xcfilelist",
			);
			name = "[CP] Embed Pods Frameworks";
			outputFileListPaths = (
				"${PODS_ROOT}/Target Support Files/Pods-JewleryOnlineShop_MVVM/Pods-JewleryOnlineShop_MVVM-frameworks-${CONFIGURATION}-output-files.xcfilelist",
			);
			runOnlyForDeploymentPostprocessing = 0;
			shellPath = /bin/sh;
			shellScript = "\"${PODS_ROOT}/Target Support Files/Pods-JewleryOnlineShop_MVVM/Pods-JewleryOnlineShop_MVVM-frameworks.sh\"\n";
			showEnvVarsInLog = 0;
		};
		F5BBF85CBA44A12F20CF9F82 /* [CP] Check Pods Manifest.lock */ = {
			isa = PBXShellScriptBuildPhase;
			buildActionMask = 2147483647;
			files = (
			);
			inputFileListPaths = (
			);
			inputPaths = (
				"${PODS_PODFILE_DIR_PATH}/Podfile.lock",
				"${PODS_ROOT}/Manifest.lock",
			);
			name = "[CP] Check Pods Manifest.lock";
			outputFileListPaths = (
			);
			outputPaths = (
				"$(DERIVED_FILE_DIR)/Pods-JewleryOnlineShop_MVVM-checkManifestLockResult.txt",
			);
			runOnlyForDeploymentPostprocessing = 0;
			shellPath = /bin/sh;
			shellScript = "diff \"${PODS_PODFILE_DIR_PATH}/Podfile.lock\" \"${PODS_ROOT}/Manifest.lock\" > /dev/null\nif [ $? != 0 ] ; then\n    # print error to STDERR\n    echo \"error: The sandbox is not in sync with the Podfile.lock. Run 'pod install' or update your CocoaPods installation.\" >&2\n    exit 1\nfi\n# This output is used by Xcode 'outputs' to avoid re-running this script phase.\necho \"SUCCESS\" > \"${SCRIPT_OUTPUT_FILE_0}\"\n";
			showEnvVarsInLog = 0;
		};
/* End PBXShellScriptBuildPhase section */

/* Begin PBXSourcesBuildPhase section */
		04B3365A2994ABE600B805DC /* Sources */ = {
			isa = PBXSourcesBuildPhase;
			buildActionMask = 2147483647;
			files = (
				0486397D29AD0848006BF93B /* FavoritesTableViewCell.swift in Sources */,
				0486397929AD07F8006BF93B /* FavoriteViewController.swift in Sources */,
				04B3367F2994B66800B805DC /* CategoriesModel.swift in Sources */,
				04B336662994ABE600B805DC /* ViewController.swift in Sources */,
				04B336912994B86F00B805DC /* MainTabBarController.swift in Sources */,
				04B336882994B73400B805DC /* BaseCollectionViewCell.swift in Sources */,
				04B3368E2994B7FE00B805DC /* ViewModel.swift in Sources */,
				0486397B29AD081D006BF93B /* FavoriteViewModel.swift in Sources */,
				04B3369D2994BA9200B805DC /* HomeViewController.swift in Sources */,
				04B336832994B6A200B805DC /* AppURL.swift in Sources */,
				04B3366C2994ABE600B805DC /* JewleryOnlineShop_MVVM.xcdatamodeld in Sources */,
				0486396F29AD061B006BF93B /* FavoriteDataManager.swift in Sources */,
				04B336A12994BB7700B805DC /* Header.swift in Sources */,
				04B3369F2994BACE00B805DC /* VerticalCollectionViewCell.swift in Sources */,
				0486397329AD075E006BF93B /* InfoViewController.swift in Sources */,
				04B3368A2994B74B00B805DC /* BaseViewController.swift in Sources */,
				04B336A32994BBB300B805DC /* HorizontalCollectionView.swift in Sources */,
				0486397129AD0653006BF93B /* BaseTableViewCell.swift in Sources */,
				0486397529AD077D006BF93B /* InfoViewModel.swift in Sources */,
				04B336982994BA0000B805DC /* SettingsViewController.swift in Sources */,
				04B336812994B68500B805DC /* CategoriesRepository.swift in Sources */,
				04B336622994ABE600B805DC /* AppDelegate.swift in Sources */,
				04B336862994B6C100B805DC /* String.swift in Sources */,
				04B336642994ABE600B805DC /* SceneDelegate.swift in Sources */,
				0486397729AD079D006BF93B /* InfoModel.swift in Sources */,
			);
			runOnlyForDeploymentPostprocessing = 0;
		};
/* End PBXSourcesBuildPhase section */

/* Begin PBXVariantGroup section */
		04B336672994ABE600B805DC /* Main.storyboard */ = {
			isa = PBXVariantGroup;
			children = (
				04B336682994ABE600B805DC /* Base */,
			);
			name = Main.storyboard;
			sourceTree = "<group>";
		};
		04B3366F2994ABE700B805DC /* LaunchScreen.storyboard */ = {
			isa = PBXVariantGroup;
			children = (
				04B336702994ABE700B805DC /* Base */,
			);
			name = LaunchScreen.storyboard;
			sourceTree = "<group>";
		};
/* End PBXVariantGroup section */

/* Begin XCBuildConfiguration section */
		04B336732994ABE700B805DC /* Debug */ = {
			isa = XCBuildConfiguration;
			buildSettings = {
				ALWAYS_SEARCH_USER_PATHS = NO;
				CLANG_ANALYZER_NONNULL = YES;
				CLANG_ANALYZER_NUMBER_OBJECT_CONVERSION = YES_AGGRESSIVE;
				CLANG_CXX_LANGUAGE_STANDARD = "gnu++20";
				CLANG_ENABLE_MODULES = YES;
				CLANG_ENABLE_OBJC_ARC = YES;
				CLANG_ENABLE_OBJC_WEAK = YES;
				CLANG_WARN_BLOCK_CAPTURE_AUTORELEASING = YES;
				CLANG_WARN_BOOL_CONVERSION = YES;
				CLANG_WARN_COMMA = YES;
				CLANG_WARN_CONSTANT_CONVERSION = YES;
				CLANG_WARN_DEPRECATED_OBJC_IMPLEMENTATIONS = YES;
				CLANG_WARN_DIRECT_OBJC_ISA_USAGE = YES_ERROR;
				CLANG_WARN_DOCUMENTATION_COMMENTS = YES;
				CLANG_WARN_EMPTY_BODY = YES;
				CLANG_WARN_ENUM_CONVERSION = YES;
				CLANG_WARN_INFINITE_RECURSION = YES;
				CLANG_WARN_INT_CONVERSION = YES;
				CLANG_WARN_NON_LITERAL_NULL_CONVERSION = YES;
				CLANG_WARN_OBJC_IMPLICIT_RETAIN_SELF = YES;
				CLANG_WARN_OBJC_LITERAL_CONVERSION = YES;
				CLANG_WARN_OBJC_ROOT_CLASS = YES_ERROR;
				CLANG_WARN_QUOTED_INCLUDE_IN_FRAMEWORK_HEADER = YES;
				CLANG_WARN_RANGE_LOOP_ANALYSIS = YES;
				CLANG_WARN_STRICT_PROTOTYPES = YES;
				CLANG_WARN_SUSPICIOUS_MOVE = YES;
				CLANG_WARN_UNGUARDED_AVAILABILITY = YES_AGGRESSIVE;
				CLANG_WARN_UNREACHABLE_CODE = YES;
				CLANG_WARN__DUPLICATE_METHOD_MATCH = YES;
				COPY_PHASE_STRIP = NO;
				DEBUG_INFORMATION_FORMAT = dwarf;
				ENABLE_STRICT_OBJC_MSGSEND = YES;
				ENABLE_TESTABILITY = YES;
				GCC_C_LANGUAGE_STANDARD = gnu11;
				GCC_DYNAMIC_NO_PIC = NO;
				GCC_NO_COMMON_BLOCKS = YES;
				GCC_OPTIMIZATION_LEVEL = 0;
				GCC_PREPROCESSOR_DEFINITIONS = (
					"DEBUG=1",
					"$(inherited)",
				);
				GCC_WARN_64_TO_32_BIT_CONVERSION = YES;
				GCC_WARN_ABOUT_RETURN_TYPE = YES_ERROR;
				GCC_WARN_UNDECLARED_SELECTOR = YES;
				GCC_WARN_UNINITIALIZED_AUTOS = YES_AGGRESSIVE;
				GCC_WARN_UNUSED_FUNCTION = YES;
				GCC_WARN_UNUSED_VARIABLE = YES;
				IPHONEOS_DEPLOYMENT_TARGET = 16.2;
				MTL_ENABLE_DEBUG_INFO = INCLUDE_SOURCE;
				MTL_FAST_MATH = YES;
				ONLY_ACTIVE_ARCH = YES;
				SDKROOT = iphoneos;
				SWIFT_ACTIVE_COMPILATION_CONDITIONS = DEBUG;
				SWIFT_OPTIMIZATION_LEVEL = "-Onone";
			};
			name = Debug;
		};
		04B336742994ABE700B805DC /* Release */ = {
			isa = XCBuildConfiguration;
			buildSettings = {
				ALWAYS_SEARCH_USER_PATHS = NO;
				CLANG_ANALYZER_NONNULL = YES;
				CLANG_ANALYZER_NUMBER_OBJECT_CONVERSION = YES_AGGRESSIVE;
				CLANG_CXX_LANGUAGE_STANDARD = "gnu++20";
				CLANG_ENABLE_MODULES = YES;
				CLANG_ENABLE_OBJC_ARC = YES;
				CLANG_ENABLE_OBJC_WEAK = YES;
				CLANG_WARN_BLOCK_CAPTURE_AUTORELEASING = YES;
				CLANG_WARN_BOOL_CONVERSION = YES;
				CLANG_WARN_COMMA = YES;
				CLANG_WARN_CONSTANT_CONVERSION = YES;
				CLANG_WARN_DEPRECATED_OBJC_IMPLEMENTATIONS = YES;
				CLANG_WARN_DIRECT_OBJC_ISA_USAGE = YES_ERROR;
				CLANG_WARN_DOCUMENTATION_COMMENTS = YES;
				CLANG_WARN_EMPTY_BODY = YES;
				CLANG_WARN_ENUM_CONVERSION = YES;
				CLANG_WARN_INFINITE_RECURSION = YES;
				CLANG_WARN_INT_CONVERSION = YES;
				CLANG_WARN_NON_LITERAL_NULL_CONVERSION = YES;
				CLANG_WARN_OBJC_IMPLICIT_RETAIN_SELF = YES;
				CLANG_WARN_OBJC_LITERAL_CONVERSION = YES;
				CLANG_WARN_OBJC_ROOT_CLASS = YES_ERROR;
				CLANG_WARN_QUOTED_INCLUDE_IN_FRAMEWORK_HEADER = YES;
				CLANG_WARN_RANGE_LOOP_ANALYSIS = YES;
				CLANG_WARN_STRICT_PROTOTYPES = YES;
				CLANG_WARN_SUSPICIOUS_MOVE = YES;
				CLANG_WARN_UNGUARDED_AVAILABILITY = YES_AGGRESSIVE;
				CLANG_WARN_UNREACHABLE_CODE = YES;
				CLANG_WARN__DUPLICATE_METHOD_MATCH = YES;
				COPY_PHASE_STRIP = NO;
				DEBUG_INFORMATION_FORMAT = "dwarf-with-dsym";
				ENABLE_NS_ASSERTIONS = NO;
				ENABLE_STRICT_OBJC_MSGSEND = YES;
				GCC_C_LANGUAGE_STANDARD = gnu11;
				GCC_NO_COMMON_BLOCKS = YES;
				GCC_WARN_64_TO_32_BIT_CONVERSION = YES;
				GCC_WARN_ABOUT_RETURN_TYPE = YES_ERROR;
				GCC_WARN_UNDECLARED_SELECTOR = YES;
				GCC_WARN_UNINITIALIZED_AUTOS = YES_AGGRESSIVE;
				GCC_WARN_UNUSED_FUNCTION = YES;
				GCC_WARN_UNUSED_VARIABLE = YES;
				IPHONEOS_DEPLOYMENT_TARGET = 16.2;
				MTL_ENABLE_DEBUG_INFO = NO;
				MTL_FAST_MATH = YES;
				SDKROOT = iphoneos;
				SWIFT_COMPILATION_MODE = wholemodule;
				SWIFT_OPTIMIZATION_LEVEL = "-O";
				VALIDATE_PRODUCT = YES;
			};
			name = Release;
		};
		04B336762994ABE700B805DC /* Debug */ = {
			isa = XCBuildConfiguration;
			baseConfigurationReference = F6C24984BF3985A45712A8F3 /* Pods-JewleryOnlineShop_MVVM.debug.xcconfig */;
			buildSettings = {
				ASSETCATALOG_COMPILER_APPICON_NAME = AppIcon;
				ASSETCATALOG_COMPILER_GLOBAL_ACCENT_COLOR_NAME = AccentColor;
				CODE_SIGN_STYLE = Automatic;
				CURRENT_PROJECT_VERSION = 1;
				DEVELOPMENT_TEAM = V2VQ3HD8ZX;
				GENERATE_INFOPLIST_FILE = YES;
				INFOPLIST_FILE = JewleryOnlineShop_MVVM/Info.plist;
				INFOPLIST_KEY_UIApplicationSupportsIndirectInputEvents = YES;
				INFOPLIST_KEY_UILaunchStoryboardName = LaunchScreen;
				INFOPLIST_KEY_UIMainStoryboardFile = Main;
				INFOPLIST_KEY_UISupportedInterfaceOrientations_iPad = "UIInterfaceOrientationPortrait UIInterfaceOrientationPortraitUpsideDown UIInterfaceOrientationLandscapeLeft UIInterfaceOrientationLandscapeRight";
				INFOPLIST_KEY_UISupportedInterfaceOrientations_iPhone = "UIInterfaceOrientationPortrait UIInterfaceOrientationLandscapeLeft UIInterfaceOrientationLandscapeRight";
				LD_RUNPATH_SEARCH_PATHS = (
					"$(inherited)",
					"@executable_path/Frameworks",
				);
				MARKETING_VERSION = 1.0;
				PRODUCT_BUNDLE_IDENTIFIER = "Intejer-academy.JewleryOnlineShop-MVVM";
				PRODUCT_NAME = "$(TARGET_NAME)";
				SWIFT_EMIT_LOC_STRINGS = YES;
				SWIFT_VERSION = 5.0;
				TARGETED_DEVICE_FAMILY = "1,2";
			};
			name = Debug;
		};
		04B336772994ABE700B805DC /* Release */ = {
			isa = XCBuildConfiguration;
			baseConfigurationReference = BC35CD712F917FC268F0A29E /* Pods-JewleryOnlineShop_MVVM.release.xcconfig */;
			buildSettings = {
				ASSETCATALOG_COMPILER_APPICON_NAME = AppIcon;
				ASSETCATALOG_COMPILER_GLOBAL_ACCENT_COLOR_NAME = AccentColor;
				CODE_SIGN_STYLE = Automatic;
				CURRENT_PROJECT_VERSION = 1;
				DEVELOPMENT_TEAM = V2VQ3HD8ZX;
				GENERATE_INFOPLIST_FILE = YES;
				INFOPLIST_FILE = JewleryOnlineShop_MVVM/Info.plist;
				INFOPLIST_KEY_UIApplicationSupportsIndirectInputEvents = YES;
				INFOPLIST_KEY_UILaunchStoryboardName = LaunchScreen;
				INFOPLIST_KEY_UIMainStoryboardFile = Main;
				INFOPLIST_KEY_UISupportedInterfaceOrientations_iPad = "UIInterfaceOrientationPortrait UIInterfaceOrientationPortraitUpsideDown UIInterfaceOrientationLandscapeLeft UIInterfaceOrientationLandscapeRight";
				INFOPLIST_KEY_UISupportedInterfaceOrientations_iPhone = "UIInterfaceOrientationPortrait UIInterfaceOrientationLandscapeLeft UIInterfaceOrientationLandscapeRight";
				LD_RUNPATH_SEARCH_PATHS = (
					"$(inherited)",
					"@executable_path/Frameworks",
				);
				MARKETING_VERSION = 1.0;
				PRODUCT_BUNDLE_IDENTIFIER = "Intejer-academy.JewleryOnlineShop-MVVM";
				PRODUCT_NAME = "$(TARGET_NAME)";
				SWIFT_EMIT_LOC_STRINGS = YES;
				SWIFT_VERSION = 5.0;
				TARGETED_DEVICE_FAMILY = "1,2";
			};
			name = Release;
		};
/* End XCBuildConfiguration section */

/* Begin XCConfigurationList section */
		04B336592994ABE600B805DC /* Build configuration list for PBXProject "JewleryOnlineShop_MVVM" */ = {
			isa = XCConfigurationList;
			buildConfigurations = (
				04B336732994ABE700B805DC /* Debug */,
				04B336742994ABE700B805DC /* Release */,
			);
			defaultConfigurationIsVisible = 0;
			defaultConfigurationName = Release;
		};
		04B336752994ABE700B805DC /* Build configuration list for PBXNativeTarget "JewleryOnlineShop_MVVM" */ = {
			isa = XCConfigurationList;
			buildConfigurations = (
				04B336762994ABE700B805DC /* Debug */,
				04B336772994ABE700B805DC /* Release */,
			);
			defaultConfigurationIsVisible = 0;
			defaultConfigurationName = Release;
		};
/* End XCConfigurationList section */

/* Begin XCVersionGroup section */
		04B3366A2994ABE600B805DC /* JewleryOnlineShop_MVVM.xcdatamodeld */ = {
			isa = XCVersionGroup;
			children = (
				04B3366B2994ABE600B805DC /* JewleryOnlineShop_MVVM.xcdatamodel */,
			);
			currentVersion = 04B3366B2994ABE600B805DC /* JewleryOnlineShop_MVVM.xcdatamodel */;
			path = JewleryOnlineShop_MVVM.xcdatamodeld;
			sourceTree = "<group>";
			versionGroupType = wrapper.xcdatamodel;
		};
/* End XCVersionGroup section */
	};
	rootObject = 04B336562994ABE600B805DC /* Project object */;
}
