// !$*UTF8*$!
{
	archiveVersion = 1;
	classes = {
	};
	objectVersion = 56;
	objects = {

/* Begin PBXBuildFile section */
		04B336622994ABE600B805DC /* AppDelegate.swift in Sources */ = {isa = PBXBuildFile; fileRef = 04B336612994ABE600B805DC /* AppDelegate.swift */; };
		04B336642994ABE600B805DC /* SceneDelegate.swift in Sources */ = {isa = PBXBuildFile; fileRef = 04B336632994ABE600B805DC /* SceneDelegate.swift */; };
		04B336662994ABE600B805DC /* ViewController.swift in Sources */ = {isa = PBXBuildFile; fileRef = 04B336652994ABE600B805DC /* ViewController.swift */; };
		04B336692994ABE600B805DC /* Main.storyboard in Resources */ = {isa = PBXBuildFile; fileRef = 04B336672994ABE600B805DC /* Main.storyboard */; };
		04B3366C2994ABE600B805DC /* JewleryOnlineShop_MVVM.xcdatamodeld in Sources */ = {isa = PBXBuildFile; fileRef = 04B3366A2994ABE600B805DC /* JewleryOnlineShop_MVVM.xcdatamodeld */; };
		04B3366E2994ABE700B805DC /* Assets.xcassets in Resources */ = {isa = PBXBuildFile; fileRef = 04B3366D2994ABE700B805DC /* Assets.xcassets */; };
		04B336712994ABE700B805DC /* LaunchScreen.storyboard in Resources */ = {isa = PBXBuildFile; fileRef = 04B3366F2994ABE700B805DC /* LaunchScreen.storyboard */; };
		A35C07BDD78953529BE01195 /* Pods_JewleryOnlineShop_MVVM.framework in Frameworks */ = {isa = PBXBuildFile; fileRef = FEFEDF18D27F9B8CFBD6EB62 /* Pods_JewleryOnlineShop_MVVM.framework */; };
/* End PBXBuildFile section */

/* Begin PBXFileReference section */
		04B3365E2994ABE600B805DC /* JewleryOnlineShop_MVVM.app */ = {isa = PBXFileReference; explicitFileType = wrapper.application; includeInIndex = 0; path = JewleryOnlineShop_MVVM.app; sourceTree = BUILT_PRODUCTS_DIR; };
		04B336612994ABE600B805DC /* AppDelegate.swift */ = {isa = PBXFileReference; lastKnownFileType = sourcecode.swift; path = AppDelegate.swift; sourceTree = "<group>"; };
		04B336632994ABE600B805DC /* SceneDelegate.swift */ = {isa = PBXFileReference; lastKnownFileType = sourcecode.swift; path = SceneDelegate.swift; sourceTree = "<group>"; };
		04B336652994ABE600B805DC /* ViewController.swift */ = {isa = PBXFileReference; lastKnownFileType = sourcecode.swift; path = ViewController.swift; sourceTree = "<group>"; };
		04B336682994ABE600B805DC /* Base */ = {isa = PBXFileReference; lastKnownFileType = file.storyboard; name = Base; path = Base.lproj/Main.storyboard; sourceTree = "<group>"; };
		04B3366B2994ABE600B805DC /* JewleryOnlineShop_MVVM.xcdatamodel */ = {isa = PBXFileReference; lastKnownFileType = wrapper.xcdatamodel; path = JewleryOnlineShop_MVVM.xcdatamodel; sourceTree = "<group>"; };
		04B3366D2994ABE700B805DC /* Assets.xcassets */ = {isa = PBXFileReference; lastKnownFileType = folder.assetcatalog; path = Assets.xcassets; sourceTree = "<group>"; };
		04B336702994ABE700B805DC /* Base */ = {isa = PBXFileReference; lastKnownFileType = file.storyboard; name = Base; path = Base.lproj/LaunchScreen.storyboard; sourceTree = "<group>"; };
		04B336722994ABE700B805DC /* Info.plist */ = {isa = PBXFileReference; lastKnownFileType = text.plist.xml; path = Info.plist; sourceTree = "<group>"; };
		BC35CD712F917FC268F0A29E /* Pods-JewleryOnlineShop_MVVM.release.xcconfig */ = {isa = PBXFileReference; includeInIndex = 1; lastKnownFileType = text.xcconfig; name = "Pods-JewleryOnlineShop_MVVM.release.xcconfig"; path = "Target Support Files/Pods-JewleryOnlineShop_MVVM/Pods-JewleryOnlineShop_MVVM.release.xcconfig"; sourceTree = "<group>"; };
		F6C24984BF3985A45712A8F3 /* Pods-JewleryOnlineShop_MVVM.debug.xcconfig */ = {isa = PBXFileReference; includeInIndex = 1; lastKnownFileType = text.xcconfig; name = "Pods-JewleryOnlineShop_MVVM.debug.xcconfig"; path = "Target Support Files/Pods-JewleryOnlineShop_MVVM/Pods-JewleryOnlineShop_MVVM.debug.xcconfig"; sourceTree = "<group>"; };
		FEFEDF18D27F9B8CFBD6EB62 /* Pods_JewleryOnlineShop_MVVM.framework */ = {isa = PBXFileReference; explicitFileType = wrapper.framework; includeInIndex = 0; path = Pods_JewleryOnlineShop_MVVM.framework; sourceTree = BUILT_PRODUCTS_DIR; };
/* End PBXFileReference section */

/* Begin PBXFrameworksBuildPhase section */
		04B3365B2994ABE600B805DC /* Frameworks */ = {
			isa = PBXFrameworksBuildPhase;
			buildActionMask = 2147483647;
			files = (
				A35C07BDD78953529BE01195 /* Pods_JewleryOnlineShop_MVVM.framework in Frameworks */,
			);
			runOnlyForDeploymentPostprocessing = 0;
		};
/* End PBXFrameworksBuildPhase section */

/* Begin PBXGroup section */
		04B336552994ABE600B805DC = {
			isa = PBXGroup;
			children = (
				04B336602994ABE600B805DC /* JewleryOnlineShop_MVVM */,
				04B3365F2994ABE600B805DC /* Products */,
				EADCECB010255D8476B56C5D /* Pods */,
				1900270B385C001E27A47156 /* Frameworks */,
			);
			sourceTree = "<group>";
		};
		04B3365F2994ABE600B805DC /* Products */ = {
			isa = PBXGroup;
			children = (
				04B3365E2994ABE600B805DC /* JewleryOnlineShop_MVVM.app */,
			);
			name = Products;
			sourceTree = "<group>";
		};
		04B336602994ABE600B805DC /* JewleryOnlineShop_MVVM */ = {
			isa = PBXGroup;
			children = (
				04B336612994ABE600B805DC /* AppDelegate.swift */,
				04B336632994ABE600B805DC /* SceneDelegate.swift */,
				04B336652994ABE600B805DC /* ViewController.swift */,
				04B336672994ABE600B805DC /* Main.storyboard */,
				04B3366D2994ABE700B805DC /* Assets.xcassets */,
				04B3366F2994ABE700B805DC /* LaunchScreen.storyboard */,
				04B336722994ABE700B805DC /* Info.plist */,
				04B3366A2994ABE600B805DC /* JewleryOnlineShop_MVVM.xcdatamodeld */,
			);
			path = JewleryOnlineShop_MVVM;
			sourceTree = "<group>";
		};
		1900270B385C001E27A47156 /* Frameworks */ = {
			isa = PBXGroup;
			children = (
				FEFEDF18D27F9B8CFBD6EB62 /* Pods_JewleryOnlineShop_MVVM.framework */,
			);
			name = Frameworks;
			sourceTree = "<group>";
		};
		EADCECB010255D8476B56C5D /* Pods */ = {
			isa = PBXGroup;
			children = (
				F6C24984BF3985A45712A8F3 /* Pods-JewleryOnlineShop_MVVM.debug.xcconfig */,
				BC35CD712F917FC268F0A29E /* Pods-JewleryOnlineShop_MVVM.release.xcconfig */,
			);
			name = Pods;
			path = Pods;
			sourceTree = "<group>";
		};
/* End PBXGroup section */

/* Begin PBXNativeTarget section */
		04B3365D2994ABE600B805DC /* JewleryOnlineShop_MVVM */ = {
			isa = PBXNativeTarget;
			buildConfigurationList = 04B336752994ABE700B805DC /* Build configuration list for PBXNativeTarget "JewleryOnlineShop_MVVM" */;
			buildPhases = (
				F5BBF85CBA44A12F20CF9F82 /* [CP] Check Pods Manifest.lock */,
				04B3365A2994ABE600B805DC /* Sources */,
				04B3365B2994ABE600B805DC /* Frameworks */,
				04B3365C2994ABE600B805DC /* Resources */,
				CEC63AC1153D5C77F4E79011 /* [CP] Embed Pods Frameworks */,
			);
			buildRules = (
			);
			dependencies = (
			);
			name = JewleryOnlineShop_MVVM;
			productName = JewleryOnlineShop_MVVM;
			productReference = 04B3365E2994ABE600B805DC /* JewleryOnlineShop_MVVM.app */;
			productType = "com.apple.product-type.application";
		};
/* End PBXNativeTarget section */

/* Begin PBXProject section */
		04B336562994ABE600B805DC /* Project object */ = {
			isa = PBXProject;
			attributes = {
				BuildIndependentTargetsInParallel = 1;
				LastSwiftUpdateCheck = 1420;
				LastUpgradeCheck = 1420;
				TargetAttributes = {
					04B3365D2994ABE600B805DC = {
						CreatedOnToolsVersion = 14.2;
					};
				};
			};
			buildConfigurationList = 04B336592994ABE600B805DC /* Build configuration list for PBXProject "JewleryOnlineShop_MVVM" */;
			compatibilityVersion = "Xcode 14.0";
			developmentRegion = en;
			hasScannedForEncodings = 0;
			knownRegions = (
				en,
				Base,
			);
			mainGroup = 04B336552994ABE600B805DC;
			productRefGroup = 04B3365F2994ABE600B805DC /* Products */;
			projectDirPath = "";
			projectRoot = "";
			targets = (
				04B3365D2994ABE600B805DC /* JewleryOnlineShop_MVVM */,
			);
		};
/* End PBXProject section */

/* Begin PBXResourcesBuildPhase section */
		04B3365C2994ABE600B805DC /* Resources */ = {
			isa = PBXResourcesBuildPhase;
			buildActionMask = 2147483647;
			files = (
				04B336712994ABE700B805DC /* LaunchScreen.storyboard in Resources */,
				04B3366E2994ABE700B805DC /* Assets.xcassets in Resources */,
				04B336692994ABE600B805DC /* Main.storyboard in Resources */,
			);
			runOnlyForDeploymentPostprocessing = 0;
		};
/* End PBXResourcesBuildPhase section */

/* Begin PBXShellScriptBuildPhase section */
		CEC63AC1153D5C77F4E79011 /* [CP] Embed Pods Frameworks */ = {
			isa = PBXShellScriptBuildPhase;
			buildActionMask = 2147483647;
			files = (
			);
			inputFileListPaths = (
				"${PODS_ROOT}/Target Support Files/Pods-JewleryOnlineShop_MVVM/Pods-JewleryOnlineShop_MVVM-frameworks-${CONFIGURATION}-input-files.xcfilelist",
			);
			name = "[CP] Embed Pods Frameworks";
			outputFileListPaths = (
				"${PODS_ROOT}/Target Support Files/Pods-JewleryOnlineShop_MVVM/Pods-JewleryOnlineShop_MVVM-frameworks-${CONFIGURATION}-output-files.xcfilelist",
			);
			runOnlyForDeploymentPostprocessing = 0;
			shellPath = /bin/sh;
			shellScript = "\"${PODS_ROOT}/Target Support Files/Pods-JewleryOnlineShop_MVVM/Pods-JewleryOnlineShop_MVVM-frameworks.sh\"\n";
			showEnvVarsInLog = 0;
		};
		F5BBF85CBA44A12F20CF9F82 /* [CP] Check Pods Manifest.lock */ = {
			isa = PBXShellScriptBuildPhase;
			buildActionMask = 2147483647;
			files = (
			);
			inputFileListPaths = (
			);
			inputPaths = (
				"${PODS_PODFILE_DIR_PATH}/Podfile.lock",
				"${PODS_ROOT}/Manifest.lock",
			);
			name = "[CP] Check Pods Manifest.lock";
			outputFileListPaths = (
			);
			outputPaths = (
				"$(DERIVED_FILE_DIR)/Pods-JewleryOnlineShop_MVVM-checkManifestLockResult.txt",
			);
			runOnlyForDeploymentPostprocessing = 0;
			shellPath = /bin/sh;
			shellScript = "diff \"${PODS_PODFILE_DIR_PATH}/Podfile.lock\" \"${PODS_ROOT}/Manifest.lock\" > /dev/null\nif [ $? != 0 ] ; then\n    # print error to STDERR\n    echo \"error: The sandbox is not in sync with the Podfile.lock. Run 'pod install' or update your CocoaPods installation.\" >&2\n    exit 1\nfi\n# This output is used by Xcode 'outputs' to avoid re-running this script phase.\necho \"SUCCESS\" > \"${SCRIPT_OUTPUT_FILE_0}\"\n";
			showEnvVarsInLog = 0;
		};
/* End PBXShellScriptBuildPhase section */

/* Begin PBXSourcesBuildPhase section */
		04B3365A2994ABE600B805DC /* Sources */ = {
			isa = PBXSourcesBuildPhase;
			buildActionMask = 2147483647;
			files = (
				04B336662994ABE600B805DC /* ViewController.swift in Sources */,
				04B3366C2994ABE600B805DC /* JewleryOnlineShop_MVVM.xcdatamodeld in Sources */,
				04B336622994ABE600B805DC /* AppDelegate.swift in Sources */,
				04B336642994ABE600B805DC /* SceneDelegate.swift in Sources */,
			);
			runOnlyForDeploymentPostprocessing = 0;
		};
/* End PBXSourcesBuildPhase section */

/* Begin PBXVariantGroup section */
		04B336672994ABE600B805DC /* Main.storyboard */ = {
			isa = PBXVariantGroup;
			children = (
				04B336682994ABE600B805DC /* Base */,
			);
			name = Main.storyboard;
			sourceTree = "<group>";
		};
		04B3366F2994ABE700B805DC /* LaunchScreen.storyboard */ = {
			isa = PBXVariantGroup;
			children = (
				04B336702994ABE700B805DC /* Base */,
			);
			name = LaunchScreen.storyboard;
			sourceTree = "<group>";
		};
/* End PBXVariantGroup section */

/* Begin XCBuildConfiguration section */
		04B336732994ABE700B805DC /* Debug */ = {
			isa = XCBuildConfiguration;
			buildSettings = {
				ALWAYS_SEARCH_USER_PATHS = NO;
				CLANG_ANALYZER_NONNULL = YES;
				CLANG_ANALYZER_NUMBER_OBJECT_CONVERSION = YES_AGGRESSIVE;
				CLANG_CXX_LANGUAGE_STANDARD = "gnu++20";
				CLANG_ENABLE_MODULES = YES;
				CLANG_ENABLE_OBJC_ARC = YES;
				CLANG_ENABLE_OBJC_WEAK = YES;
				CLANG_WARN_BLOCK_CAPTURE_AUTORELEASING = YES;
				CLANG_WARN_BOOL_CONVERSION = YES;
				CLANG_WARN_COMMA = YES;
				CLANG_WARN_CONSTANT_CONVERSION = YES;
				CLANG_WARN_DEPRECATED_OBJC_IMPLEMENTATIONS = YES;
				CLANG_WARN_DIRECT_OBJC_ISA_USAGE = YES_ERROR;
				CLANG_WARN_DOCUMENTATION_COMMENTS = YES;
				CLANG_WARN_EMPTY_BODY = YES;
				CLANG_WARN_ENUM_CONVERSION = YES;
				CLANG_WARN_INFINITE_RECURSION = YES;
				CLANG_WARN_INT_CONVERSION = YES;
				CLANG_WARN_NON_LITERAL_NULL_CONVERSION = YES;
				CLANG_WARN_OBJC_IMPLICIT_RETAIN_SELF = YES;
				CLANG_WARN_OBJC_LITERAL_CONVERSION = YES;
				CLANG_WARN_OBJC_ROOT_CLASS = YES_ERROR;
				CLANG_WARN_QUOTED_INCLUDE_IN_FRAMEWORK_HEADER = YES;
				CLANG_WARN_RANGE_LOOP_ANALYSIS = YES;
				CLANG_WARN_STRICT_PROTOTYPES = YES;
				CLANG_WARN_SUSPICIOUS_MOVE = YES;
				CLANG_WARN_UNGUARDED_AVAILABILITY = YES_AGGRESSIVE;
				CLANG_WARN_UNREACHABLE_CODE = YES;
				CLANG_WARN__DUPLICATE_METHOD_MATCH = YES;
				COPY_PHASE_STRIP = NO;
				DEBUG_INFORMATION_FORMAT = dwarf;
				ENABLE_STRICT_OBJC_MSGSEND = YES;
				ENABLE_TESTABILITY = YES;
				GCC_C_LANGUAGE_STANDARD = gnu11;
				GCC_DYNAMIC_NO_PIC = NO;
				GCC_NO_COMMON_BLOCKS = YES;
				GCC_OPTIMIZATION_LEVEL = 0;
				GCC_PREPROCESSOR_DEFINITIONS = (
					"DEBUG=1",
					"$(inherited)",
				);
				GCC_WARN_64_TO_32_BIT_CONVERSION = YES;
				GCC_WARN_ABOUT_RETURN_TYPE = YES_ERROR;
				GCC_WARN_UNDECLARED_SELECTOR = YES;
				GCC_WARN_UNINITIALIZED_AUTOS = YES_AGGRESSIVE;
				GCC_WARN_UNUSED_FUNCTION = YES;
				GCC_WARN_UNUSED_VARIABLE = YES;
				IPHONEOS_DEPLOYMENT_TARGET = 16.2;
				MTL_ENABLE_DEBUG_INFO = INCLUDE_SOURCE;
				MTL_FAST_MATH = YES;
				ONLY_ACTIVE_ARCH = YES;
				SDKROOT = iphoneos;
				SWIFT_ACTIVE_COMPILATION_CONDITIONS = DEBUG;
				SWIFT_OPTIMIZATION_LEVEL = "-Onone";
			};
			name = Debug;
		};
		04B336742994ABE700B805DC /* Release */ = {
			isa = XCBuildConfiguration;
			buildSettings = {
				ALWAYS_SEARCH_USER_PATHS = NO;
				CLANG_ANALYZER_NONNULL = YES;
				CLANG_ANALYZER_NUMBER_OBJECT_CONVERSION = YES_AGGRESSIVE;
				CLANG_CXX_LANGUAGE_STANDARD = "gnu++20";
				CLANG_ENABLE_MODULES = YES;
				CLANG_ENABLE_OBJC_ARC = YES;
				CLANG_ENABLE_OBJC_WEAK = YES;
				CLANG_WARN_BLOCK_CAPTURE_AUTORELEASING = YES;
				CLANG_WARN_BOOL_CONVERSION = YES;
				CLANG_WARN_COMMA = YES;
				CLANG_WARN_CONSTANT_CONVERSION = YES;
				CLANG_WARN_DEPRECATED_OBJC_IMPLEMENTATIONS = YES;
				CLANG_WARN_DIRECT_OBJC_ISA_USAGE = YES_ERROR;
				CLANG_WARN_DOCUMENTATION_COMMENTS = YES;
				CLANG_WARN_EMPTY_BODY = YES;
				CLANG_WARN_ENUM_CONVERSION = YES;
				CLANG_WARN_INFINITE_RECURSION = YES;
				CLANG_WARN_INT_CONVERSION = YES;
				CLANG_WARN_NON_LITERAL_NULL_CONVERSION = YES;
				CLANG_WARN_OBJC_IMPLICIT_RETAIN_SELF = YES;
				CLANG_WARN_OBJC_LITERAL_CONVERSION = YES;
				CLANG_WARN_OBJC_ROOT_CLASS = YES_ERROR;
				CLANG_WARN_QUOTED_INCLUDE_IN_FRAMEWORK_HEADER = YES;
				CLANG_WARN_RANGE_LOOP_ANALYSIS = YES;
				CLANG_WARN_STRICT_PROTOTYPES = YES;
				CLANG_WARN_SUSPICIOUS_MOVE = YES;
				CLANG_WARN_UNGUARDED_AVAILABILITY = YES_AGGRESSIVE;
				CLANG_WARN_UNREACHABLE_CODE = YES;
				CLANG_WARN__DUPLICATE_METHOD_MATCH = YES;
				COPY_PHASE_STRIP = NO;
				DEBUG_INFORMATION_FORMAT = "dwarf-with-dsym";
				ENABLE_NS_ASSERTIONS = NO;
				ENABLE_STRICT_OBJC_MSGSEND = YES;
				GCC_C_LANGUAGE_STANDARD = gnu11;
				GCC_NO_COMMON_BLOCKS = YES;
				GCC_WARN_64_TO_32_BIT_CONVERSION = YES;
				GCC_WARN_ABOUT_RETURN_TYPE = YES_ERROR;
				GCC_WARN_UNDECLARED_SELECTOR = YES;
				GCC_WARN_UNINITIALIZED_AUTOS = YES_AGGRESSIVE;
				GCC_WARN_UNUSED_FUNCTION = YES;
				GCC_WARN_UNUSED_VARIABLE = YES;
				IPHONEOS_DEPLOYMENT_TARGET = 16.2;
				MTL_ENABLE_DEBUG_INFO = NO;
				MTL_FAST_MATH = YES;
				SDKROOT = iphoneos;
				SWIFT_COMPILATION_MODE = wholemodule;
				SWIFT_OPTIMIZATION_LEVEL = "-O";
				VALIDATE_PRODUCT = YES;
			};
			name = Release;
		};
		04B336762994ABE700B805DC /* Debug */ = {
			isa = XCBuildConfiguration;
			baseConfigurationReference = F6C24984BF3985A45712A8F3 /* Pods-JewleryOnlineShop_MVVM.debug.xcconfig */;
			buildSettings = {
				ASSETCATALOG_COMPILER_APPICON_NAME = AppIcon;
				ASSETCATALOG_COMPILER_GLOBAL_ACCENT_COLOR_NAME = AccentColor;
				CODE_SIGN_STYLE = Automatic;
				CURRENT_PROJECT_VERSION = 1;
				DEVELOPMENT_TEAM = V2VQ3HD8ZX;
				GENERATE_INFOPLIST_FILE = YES;
				INFOPLIST_FILE = JewleryOnlineShop_MVVM/Info.plist;
				INFOPLIST_KEY_UIApplicationSupportsIndirectInputEvents = YES;
				INFOPLIST_KEY_UILaunchStoryboardName = LaunchScreen;
				INFOPLIST_KEY_UIMainStoryboardFile = Main;
				INFOPLIST_KEY_UISupportedInterfaceOrientations_iPad = "UIInterfaceOrientationPortrait UIInterfaceOrientationPortraitUpsideDown UIInterfaceOrientationLandscapeLeft UIInterfaceOrientationLandscapeRight";
				INFOPLIST_KEY_UISupportedInterfaceOrientations_iPhone = "UIInterfaceOrientationPortrait UIInterfaceOrientationLandscapeLeft UIInterfaceOrientationLandscapeRight";
				LD_RUNPATH_SEARCH_PATHS = (
					"$(inherited)",
					"@executable_path/Frameworks",
				);
				MARKETING_VERSION = 1.0;
				PRODUCT_BUNDLE_IDENTIFIER = "Intejer-academy.JewleryOnlineShop-MVVM";
				PRODUCT_NAME = "$(TARGET_NAME)";
				SWIFT_EMIT_LOC_STRINGS = YES;
				SWIFT_VERSION = 5.0;
				TARGETED_DEVICE_FAMILY = "1,2";
			};
			name = Debug;
		};
		04B336772994ABE700B805DC /* Release */ = {
			isa = XCBuildConfiguration;
			baseConfigurationReference = BC35CD712F917FC268F0A29E /* Pods-JewleryOnlineShop_MVVM.release.xcconfig */;
			buildSettings = {
				ASSETCATALOG_COMPILER_APPICON_NAME = AppIcon;
				ASSETCATALOG_COMPILER_GLOBAL_ACCENT_COLOR_NAME = AccentColor;
				CODE_SIGN_STYLE = Automatic;
				CURRENT_PROJECT_VERSION = 1;
				DEVELOPMENT_TEAM = V2VQ3HD8ZX;
				GENERATE_INFOPLIST_FILE = YES;
				INFOPLIST_FILE = JewleryOnlineShop_MVVM/Info.plist;
				INFOPLIST_KEY_UIApplicationSupportsIndirectInputEvents = YES;
				INFOPLIST_KEY_UILaunchStoryboardName = LaunchScreen;
				INFOPLIST_KEY_UIMainStoryboardFile = Main;
				INFOPLIST_KEY_UISupportedInterfaceOrientations_iPad = "UIInterfaceOrientationPortrait UIInterfaceOrientationPortraitUpsideDown UIInterfaceOrientationLandscapeLeft UIInterfaceOrientationLandscapeRight";
				INFOPLIST_KEY_UISupportedInterfaceOrientations_iPhone = "UIInterfaceOrientationPortrait UIInterfaceOrientationLandscapeLeft UIInterfaceOrientationLandscapeRight";
				LD_RUNPATH_SEARCH_PATHS = (
					"$(inherited)",
					"@executable_path/Frameworks",
				);
				MARKETING_VERSION = 1.0;
				PRODUCT_BUNDLE_IDENTIFIER = "Intejer-academy.JewleryOnlineShop-MVVM";
				PRODUCT_NAME = "$(TARGET_NAME)";
				SWIFT_EMIT_LOC_STRINGS = YES;
				SWIFT_VERSION = 5.0;
				TARGETED_DEVICE_FAMILY = "1,2";
			};
			name = Release;
		};
/* End XCBuildConfiguration section */

/* Begin XCConfigurationList section */
		04B336592994ABE600B805DC /* Build configuration list for PBXProject "JewleryOnlineShop_MVVM" */ = {
			isa = XCConfigurationList;
			buildConfigurations = (
				04B336732994ABE700B805DC /* Debug */,
				04B336742994ABE700B805DC /* Release */,
			);
			defaultConfigurationIsVisible = 0;
			defaultConfigurationName = Release;
		};
		04B336752994ABE700B805DC /* Build configuration list for PBXNativeTarget "JewleryOnlineShop_MVVM" */ = {
			isa = XCConfigurationList;
			buildConfigurations = (
				04B336762994ABE700B805DC /* Debug */,
				04B336772994ABE700B805DC /* Release */,
			);
			defaultConfigurationIsVisible = 0;
			defaultConfigurationName = Release;
		};
/* End XCConfigurationList section */

/* Begin XCVersionGroup section */
		04B3366A2994ABE600B805DC /* JewleryOnlineShop_MVVM.xcdatamodeld */ = {
			isa = XCVersionGroup;
			children = (
				04B3366B2994ABE600B805DC /* JewleryOnlineShop_MVVM.xcdatamodel */,
			);
			currentVersion = 04B3366B2994ABE600B805DC /* JewleryOnlineShop_MVVM.xcdatamodel */;
			path = JewleryOnlineShop_MVVM.xcdatamodeld;
			sourceTree = "<group>";
			versionGroupType = wrapper.xcdatamodel;
		};
/* End XCVersionGroup section */
	};
	rootObject = 04B336562994ABE600B805DC /* Project object */;
}
